
Microsoft Visual Studio Solution File, Format Version 12.00
# Visual Studio Version 17
VisualStudioVersion = 17.0.31611.283
MinimumVisualStudioVersion = 10.0.40219.1
Project("{9A19103F-16F7-4668-BE54-9A1E7A4F7556}") = "YBMusic", "YBMusic.csproj", "{03A8E468-8B0A-4917-8B99-21E672A983D1}"
	ProjectSection(ProjectDependencies) = postProject
		{0B2A65C2-7D8C-415C-971F-F0C59BBF5F0B} = {0B2A65C2-7D8C-415C-971F-F0C59BBF5F0B}
		{4CC5C5B6-A5EA-453A-91C0-EC5B3F259AF2} = {4CC5C5B6-A5EA-453A-91C0-EC5B3F259AF2}
		{CA8B032D-585B-4AE6-B98C-412C7A9D7E54} = {CA8B032D-585B-4AE6-B98C-412C7A9D7E54}
	EndProjectSection
EndProject
Project("{FAE04EC0-301F-11D3-BF4B-00C04F79EFBC}") = "YB.Models", "..\YB.Models\YB.Models.csproj", "{4CC5C5B6-A5EA-453A-91C0-EC5B3F259AF2}"
EndProject
Project("{FAE04EC0-301F-11D3-BF4B-00C04F79EFBC}") = "YB.Utilities", "..\YB.Utilities\YB.Utilities.csproj", "{CA8B032D-585B-4AE6-B98C-412C7A9D7E54}"
EndProject
Project("{FAE04EC0-301F-11D3-BF4B-00C04F79EFBC}") = "YB.DataAccess", "..\YB.DataAccess\YB.DataAccess.csproj", "{0B2A65C2-7D8C-415C-971F-F0C59BBF5F0B}"
	ProjectSection(ProjectDependencies) = postProject
		{4CC5C5B6-A5EA-453A-91C0-EC5B3F259AF2} = {4CC5C5B6-A5EA-453A-91C0-EC5B3F259AF2}
	EndProjectSection
EndProject
Global
	GlobalSection(SolutionConfigurationPlatforms) = preSolution
		Debug|Any CPU = Debug|Any CPU
		Release|Any CPU = Release|Any CPU
	EndGlobalSection
	GlobalSection(ProjectConfigurationPlatforms) = postSolution
		{03A8E468-8B0A-4917-8B99-21E672A983D1}.Debug|Any CPU.ActiveCfg = Debug|Any CPU
		{03A8E468-8B0A-4917-8B99-21E672A983D1}.Debug|Any CPU.Build.0 = Debug|Any CPU
		{03A8E468-8B0A-4917-8B99-21E672A983D1}.Debug|Any CPU.Deploy.0 = Debug|Any CPU
		{03A8E468-8B0A-4917-8B99-21E672A983D1}.Release|Any CPU.ActiveCfg = Release|Any CPU
		{03A8E468-8B0A-4917-8B99-21E672A983D1}.Release|Any CPU.Build.0 = Release|Any CPU
		{03A8E468-8B0A-4917-8B99-21E672A983D1}.Release|Any CPU.Deploy.0 = Release|Any CPU
		{4CC5C5B6-A5EA-453A-91C0-EC5B3F259AF2}.Debug|Any CPU.ActiveCfg = Debug|Any CPU
		{4CC5C5B6-A5EA-453A-91C0-EC5B3F259AF2}.Debug|Any CPU.Build.0 = Debug|Any CPU
		{4CC5C5B6-A5EA-453A-91C0-EC5B3F259AF2}.Release|Any CPU.ActiveCfg = Release|Any CPU
		{4CC5C5B6-A5EA-453A-91C0-EC5B3F259AF2}.Release|Any CPU.Build.0 = Release|Any CPU
		{CA8B032D-585B-4AE6-B98C-412C7A9D7E54}.Debug|Any CPU.ActiveCfg = Debug|Any CPU
		{CA8B032D-585B-4AE6-B98C-412C7A9D7E54}.Debug|Any CPU.Build.0 = Debug|Any CPU
		{CA8B032D-585B-4AE6-B98C-412C7A9D7E54}.Release|Any CPU.ActiveCfg = Release|Any CPU
		{CA8B032D-585B-4AE6-B98C-412C7A9D7E54}.Release|Any CPU.Build.0 = Release|Any CPU
		{0B2A65C2-7D8C-415C-971F-F0C59BBF5F0B}.Debug|Any CPU.ActiveCfg = Debug|Any CPU
		{0B2A65C2-7D8C-415C-971F-F0C59BBF5F0B}.Debug|Any CPU.Build.0 = Debug|Any CPU
		{0B2A65C2-7D8C-415C-971F-F0C59BBF5F0B}.Release|Any CPU.ActiveCfg = Release|Any CPU
		{0B2A65C2-7D8C-415C-971F-F0C59BBF5F0B}.Release|Any CPU.Build.0 = Release|Any CPU
	EndGlobalSection
	GlobalSection(SolutionProperties) = preSolution
		HideSolutionNode = FALSE
	EndGlobalSection
	GlobalSection(ExtensibilityGlobals) = postSolution
		SolutionGuid = {61F7FB11-1E47-470C-91E2-47F8143E1572}
	EndGlobalSection
EndGlobal
